// !$*UTF8*$!
{
	archiveVersion = 1;
	classes = {
	};
	objectVersion = 77;
	objects = {

/* Begin PBXBuildFile section */
		23349D1DAEC4BBEDAE63EAF0 /* PoseKit in Frameworks */ = {isa = PBXBuildFile; productRef = 712CC51C8A2EA8AB448621FA /* PoseKit */; };
		C33EA6EECD206E2993021548 /* MediaPipeKit in Frameworks */ = {isa = PBXBuildFile; productRef = E524A64017F67A4ED7655ADF /* MediaPipeKit */; };
/* End PBXBuildFile section */

/* Begin PBXContainerItemProxy section */
		427716282F9EAF83009E5C43 /* PBXContainerItemProxy */ = {
			isa = PBXContainerItemProxy;
			containerPortal = 427716102F9EAF81009E5C43 /* Project object */;
			proxyType = 1;
			remoteGlobalIDString = 427716172F9EAF81009E5C43;
			remoteInfo = FollowThrough;
		};
		427716322F9EAF83009E5C43 /* PBXContainerItemProxy */ = {
			isa = PBXContainerItemProxy;
			containerPortal = 427716102F9EAF81009E5C43 /* Project object */;
			proxyType = 1;
			remoteGlobalIDString = 427716172F9EAF81009E5C43;
			remoteInfo = FollowThrough;
		};
/* End PBXContainerItemProxy section */

/* Begin PBXFileReference section */
		427716182F9EAF81009E5C43 /* FollowThrough.app */ = {isa = PBXFileReference; explicitFileType = wrapper.application; includeInIndex = 0; path = FollowThrough.app; sourceTree = BUILT_PRODUCTS_DIR; };
		427716272F9EAF83009E5C43 /* FollowThroughTests.xctest */ = {isa = PBXFileReference; explicitFileType = wrapper.cfbundle; includeInIndex = 0; path = FollowThroughTests.xctest; sourceTree = BUILT_PRODUCTS_DIR; };
		427716312F9EAF83009E5C43 /* FollowThroughUITests.xctest */ = {isa = PBXFileReference; explicitFileType = wrapper.cfbundle; includeInIndex = 0; path = FollowThroughUITests.xctest; sourceTree = BUILT_PRODUCTS_DIR; };
/* End PBXFileReference section */

/* Begin PBXFileSystemSynchronizedRootGroup section */
		4277161A2F9EAF81009E5C43 /* FollowThrough */ = {
			isa = PBXFileSystemSynchronizedRootGroup;
			exceptions = (
			);
			path = FollowThrough;
			sourceTree = "<group>";
		};
		4277162A2F9EAF83009E5C43 /* FollowThroughTests */ = {
			isa = PBXFileSystemSynchronizedRootGroup;
			exceptions = (
			);
			path = FollowThroughTests;
			sourceTree = "<group>";
		};
		427716342F9EAF83009E5C43 /* FollowThroughUITests */ = {
			isa = PBXFileSystemSynchronizedRootGroup;
			exceptions = (
			);
			path = FollowThroughUITests;
			sourceTree = "<group>";
		};
/* End PBXFileSystemSynchronizedRootGroup section */

/* Begin PBXFrameworksBuildPhase section */
		427716152F9EAF81009E5C43 /* Frameworks */ = {
			isa = PBXFrameworksBuildPhase;
			buildActionMask = 2147483647;
			files = (
				23349D1DAEC4BBEDAE63EAF0 /* PoseKit in Frameworks */,
				C33EA6EECD206E2993021548 /* MediaPipeKit in Frameworks */,
			);
			runOnlyForDeploymentPostprocessing = 0;
		};
		427716242F9EAF83009E5C43 /* Frameworks */ = {
			isa = PBXFrameworksBuildPhase;
			buildActionMask = 2147483647;
			files = (
			);
			runOnlyForDeploymentPostprocessing = 0;
		};
		4277162E2F9EAF83009E5C43 /* Frameworks */ = {
			isa = PBXFrameworksBuildPhase;
			buildActionMask = 2147483647;
			files = (
			);
			runOnlyForDeploymentPostprocessing = 0;
		};
/* End PBXFrameworksBuildPhase section */

/* Begin PBXGroup section */
		4277160F2F9EAF81009E5C43 = {
			isa = PBXGroup;
			children = (
				4277161A2F9EAF81009E5C43 /* FollowThrough */,
				4277162A2F9EAF83009E5C43 /* FollowThroughTests */,
				427716342F9EAF83009E5C43 /* FollowThroughUITests */,
				427716192F9EAF81009E5C43 /* Products */,
				EE589496B8A5FBD218828353 /* Pods */,
			);
			sourceTree = "<group>";
		};
		427716192F9EAF81009E5C43 /* Products */ = {
			isa = PBXGroup;
			children = (
				427716182F9EAF81009E5C43 /* FollowThrough.app */,
				427716272F9EAF83009E5C43 /* FollowThroughTests.xctest */,
				427716312F9EAF83009E5C43 /* FollowThroughUITests.xctest */,
			);
			name = Products;
			sourceTree = "<group>";
		};
		EE589496B8A5FBD218828353 /* Pods */ = {
			isa = PBXGroup;
			children = (
			);
			path = Pods;
			sourceTree = "<group>";
		};
/* End PBXGroup section */

/* Begin PBXNativeTarget section */
		427716172F9EAF81009E5C43 /* FollowThrough */ = {
			isa = PBXNativeTarget;
			buildConfigurationList = 4277163B2F9EAF83009E5C43 /* Build configuration list for PBXNativeTarget "FollowThrough" */;
			buildPhases = (
				427716142F9EAF81009E5C43 /* Sources */,
				427716152F9EAF81009E5C43 /* Frameworks */,
				427716162F9EAF81009E5C43 /* Resources */,
			);
			buildRules = (
			);
			dependencies = (
			);
			fileSystemSynchronizedGroups = (
				4277161A2F9EAF81009E5C43 /* FollowThrough */,
			);
			name = FollowThrough;
			packageProductDependencies = (
				712CC51C8A2EA8AB448621FA /* PoseKit */,
				E524A64017F67A4ED7655ADF /* MediaPipeKit */,
			);
			productName = FollowThrough;
			productReference = 427716182F9EAF81009E5C43 /* FollowThrough.app */;
			productType = "com.apple.product-type.application";
		};
		427716262F9EAF83009E5C43 /* FollowThroughTests */ = {
			isa = PBXNativeTarget;
			buildConfigurationList = 4277163E2F9EAF83009E5C43 /* Build configuration list for PBXNativeTarget "FollowThroughTests" */;
			buildPhases = (
				427716232F9EAF83009E5C43 /* Sources */,
				427716242F9EAF83009E5C43 /* Frameworks */,
				427716252F9EAF83009E5C43 /* Resources */,
			);
			buildRules = (
			);
			dependencies = (
				427716292F9EAF83009E5C43 /* PBXTargetDependency */,
			);
			fileSystemSynchronizedGroups = (
				4277162A2F9EAF83009E5C43 /* FollowThroughTests */,
			);
			name = FollowThroughTests;
			productName = FollowThroughTests;
			productReference = 427716272F9EAF83009E5C43 /* FollowThroughTests.xctest */;
			productType = "com.apple.product-type.bundle.unit-test";
		};
		427716302F9EAF83009E5C43 /* FollowThroughUITests */ = {
			isa = PBXNativeTarget;
			buildConfigurationList = 427716412F9EAF83009E5C43 /* Build configuration list for PBXNativeTarget "FollowThroughUITests" */;
			buildPhases = (
				4277162D2F9EAF83009E5C43 /* Sources */,
				4277162E2F9EAF83009E5C43 /* Frameworks */,
				4277162F2F9EAF83009E5C43 /* Resources */,
			);
			buildRules = (
			);
			dependencies = (
				427716332F9EAF83009E5C43 /* PBXTargetDependency */,
			);
			fileSystemSynchronizedGroups = (
				427716342F9EAF83009E5C43 /* FollowThroughUITests */,
			);
			name = FollowThroughUITests;
			productName = FollowThroughUITests;
			productReference = 427716312F9EAF83009E5C43 /* FollowThroughUITests.xctest */;
			productType = "com.apple.product-type.bundle.ui-testing";
		};
/* End PBXNativeTarget section */

/* Begin PBXProject section */
		427716102F9EAF81009E5C43 /* Project object */ = {
			isa = PBXProject;
			attributes = {
				BuildIndependentTargetsInParallel = 1;
				LastSwiftUpdateCheck = 2640;
				LastUpgradeCheck = 2640;
				TargetAttributes = {
					427716172F9EAF81009E5C43 = {
						CreatedOnToolsVersion = 26.4.1;
					};
					427716262F9EAF83009E5C43 = {
						CreatedOnToolsVersion = 26.4.1;
						TestTargetID = 427716172F9EAF81009E5C43;
					};
					427716302F9EAF83009E5C43 = {
						CreatedOnToolsVersion = 26.4.1;
						TestTargetID = 427716172F9EAF81009E5C43;
					};
				};
			};
			buildConfigurationList = 427716132F9EAF81009E5C43 /* Build configuration list for PBXProject "FollowThrough" */;
			developmentRegion = en;
			hasScannedForEncodings = 0;
			knownRegions = (
				en,
				Base,
			);
			mainGroup = 4277160F2F9EAF81009E5C43;
			minimizedProjectReferenceProxies = 1;
			packageReferences = (
				CD4516FC4ABD61F7C4C4F8D0 /* XCLocalSwiftPackageReference "PoseKit" */,
				35F1FE45182E66CB045F1EAE /* XCLocalSwiftPackageReference "MediaPipeKit" */,
			);
			preferredProjectObjectVersion = 77;
			productRefGroup = 427716192F9EAF81009E5C43 /* Products */;
			projectDirPath = "";
			projectRoot = "";
			targets = (
				427716172F9EAF81009E5C43 /* FollowThrough */,
				427716262F9EAF83009E5C43 /* FollowThroughTests */,
				427716302F9EAF83009E5C43 /* FollowThroughUITests */,
			);
		};
/* End PBXProject section */

/* Begin PBXResourcesBuildPhase section */
		427716162F9EAF81009E5C43 /* Resources */ = {
			isa = PBXResourcesBuildPhase;
			buildActionMask = 2147483647;
			files = (
			);
			runOnlyForDeploymentPostprocessing = 0;
		};
		427716252F9EAF83009E5C43 /* Resources */ = {
			isa = PBXResourcesBuildPhase;
			buildActionMask = 2147483647;
			files = (
			);
			runOnlyForDeploymentPostprocessing = 0;
		};
		4277162F2F9EAF83009E5C43 /* Resources */ = {
			isa = PBXResourcesBuildPhase;
			buildActionMask = 2147483647;
			files = (
			);
			runOnlyForDeploymentPostprocessing = 0;
		};
/* End PBXResourcesBuildPhase section */

/* Begin PBXSourcesBuildPhase section */
		427716142F9EAF81009E5C43 /* Sources */ = {
			isa = PBXSourcesBuildPhase;
			buildActionMask = 2147483647;
			files = (
			);
			runOnlyForDeploymentPostprocessing = 0;
		};
		427716232F9EAF83009E5C43 /* Sources */ = {
			isa = PBXSourcesBuildPhase;
			buildActionMask = 2147483647;
			files = (
			);
			runOnlyForDeploymentPostprocessing = 0;
		};
		4277162D2F9EAF83009E5C43 /* Sources */ = {
			isa = PBXSourcesBuildPhase;
			buildActionMask = 2147483647;
			files = (
			);
			runOnlyForDeploymentPostprocessing = 0;
		};
/* End PBXSourcesBuildPhase section */

/* Begin PBXTargetDependency section */
		427716292F9EAF83009E5C43 /* PBXTargetDependency */ = {
			isa = PBXTargetDependency;
			target = 427716172F9EAF81009E5C43 /* FollowThrough */;
			targetProxy = 427716282F9EAF83009E5C43 /* PBXContainerItemProxy */;
		};
		427716332F9EAF83009E5C43 /* PBXTargetDependency */ = {
			isa = PBXTargetDependency;
			target = 427716172F9EAF81009E5C43 /* FollowThrough */;
			targetProxy = 427716322F9EAF83009E5C43 /* PBXContainerItemProxy */;
		};
/* End PBXTargetDependency section */

/* Begin XCBuildConfiguration section */
		427716392F9EAF83009E5C43 /* Debug */ = {
			isa = XCBuildConfiguration;
			buildSettings = {
				ALWAYS_SEARCH_USER_PATHS = NO;
				ASSETCATALOG_COMPILER_GENERATE_SWIFT_ASSET_SYMBOL_EXTENSIONS = YES;
				CLANG_ANALYZER_NONNULL = YES;
				CLANG_ANALYZER_NUMBER_OBJECT_CONVERSION = YES_AGGRESSIVE;
				CLANG_CXX_LANGUAGE_STANDARD = "gnu++20";
				CLANG_ENABLE_MODULES = YES;
				CLANG_ENABLE_OBJC_ARC = YES;
				CLANG_ENABLE_OBJC_WEAK = YES;
				CLANG_WARN_BLOCK_CAPTURE_AUTORELEASING = YES;
				CLANG_WARN_BOOL_CONVERSION = YES;
				CLANG_WARN_COMMA = YES;
				CLANG_WARN_CONSTANT_CONVERSION = YES;
				CLANG_WARN_DEPRECATED_OBJC_IMPLEMENTATIONS = YES;
				CLANG_WARN_DIRECT_OBJC_ISA_USAGE = YES_ERROR;
				CLANG_WARN_DOCUMENTATION_COMMENTS = YES;
				CLANG_WARN_EMPTY_BODY = YES;
				CLANG_WARN_ENUM_CONVERSION = YES;
				CLANG_WARN_INFINITE_RECURSION = YES;
				CLANG_WARN_INT_CONVERSION = YES;
				CLANG_WARN_NON_LITERAL_NULL_CONVERSION = YES;
				CLANG_WARN_OBJC_IMPLICIT_RETAIN_SELF = YES;
				CLANG_WARN_OBJC_LITERAL_CONVERSION = YES;
				CLANG_WARN_OBJC_ROOT_CLASS = YES_ERROR;
				CLANG_WARN_QUOTED_INCLUDE_IN_FRAMEWORK_HEADER = YES;
				CLANG_WARN_RANGE_LOOP_ANALYSIS = YES;
				CLANG_WARN_STRICT_PROTOTYPES = YES;
				CLANG_WARN_SUSPICIOUS_MOVE = YES;
				CLANG_WARN_UNGUARDED_AVAILABILITY = YES_AGGRESSIVE;
				CLANG_WARN_UNREACHABLE_CODE = YES;
				CLANG_WARN__DUPLICATE_METHOD_MATCH = YES;
				COPY_PHASE_STRIP = NO;
				DEBUG_INFORMATION_FORMAT = dwarf;
				DEVELOPMENT_TEAM = CYK92TAB8C;
				ENABLE_STRICT_OBJC_MSGSEND = YES;
				ENABLE_TESTABILITY = YES;
				ENABLE_USER_SCRIPT_SANDBOXING = YES;
				GCC_C_LANGUAGE_STANDARD = gnu17;
				GCC_DYNAMIC_NO_PIC = NO;
				GCC_NO_COMMON_BLOCKS = YES;
				GCC_OPTIMIZATION_LEVEL = 0;
				GCC_PREPROCESSOR_DEFINITIONS = (
					"DEBUG=1",
					"$(inherited)",
				);
				GCC_WARN_64_TO_32_BIT_CONVERSION = YES;
				GCC_WARN_ABOUT_RETURN_TYPE = YES_ERROR;
				GCC_WARN_UNDECLARED_SELECTOR = YES;
				GCC_WARN_UNINITIALIZED_AUTOS = YES_AGGRESSIVE;
				GCC_WARN_UNUSED_FUNCTION = YES;
				GCC_WARN_UNUSED_VARIABLE = YES;
				IPHONEOS_DEPLOYMENT_TARGET = 26.4;
				LOCALIZATION_PREFERS_STRING_CATALOGS = YES;
				MTL_ENABLE_DEBUG_INFO = INCLUDE_SOURCE;
				MTL_FAST_MATH = YES;
				ONLY_ACTIVE_ARCH = YES;
				SDKROOT = iphoneos;
				SWIFT_ACTIVE_COMPILATION_CONDITIONS = "DEBUG $(inherited)";
				SWIFT_OPTIMIZATION_LEVEL = "-Onone";
			};
			name = Debug;
		};
		4277163A2F9EAF83009E5C43 /* Release */ = {
			isa = XCBuildConfiguration;
			buildSettings = {
				ALWAYS_SEARCH_USER_PATHS = NO;
				ASSETCATALOG_COMPILER_GENERATE_SWIFT_ASSET_SYMBOL_EXTENSIONS = YES;
				CLANG_ANALYZER_NONNULL = YES;
				CLANG_ANALYZER_NUMBER_OBJECT_CONVERSION = YES_AGGRESSIVE;
				CLANG_CXX_LANGUAGE_STANDARD = "gnu++20";
				CLANG_ENABLE_MODULES = YES;
				CLANG_ENABLE_OBJC_ARC = YES;
				CLANG_ENABLE_OBJC_WEAK = YES;
				CLANG_WARN_BLOCK_CAPTURE_AUTORELEASING = YES;
				CLANG_WARN_BOOL_CONVERSION = YES;
				CLANG_WARN_COMMA = YES;
				CLANG_WARN_CONSTANT_CONVERSION = YES;
				CLANG_WARN_DEPRECATED_OBJC_IMPLEMENTATIONS = YES;
				CLANG_WARN_DIRECT_OBJC_ISA_USAGE = YES_ERROR;
				CLANG_WARN_DOCUMENTATION_COMMENTS = YES;
				CLANG_WARN_EMPTY_BODY = YES;
				CLANG_WARN_ENUM_CONVERSION = YES;
				CLANG_WARN_INFINITE_RECURSION = YES;
				CLANG_WARN_INT_CONVERSION = YES;
				CLANG_WARN_NON_LITERAL_NULL_CONVERSION = YES;
				CLANG_WARN_OBJC_IMPLICIT_RETAIN_SELF = YES;
				CLANG_WARN_OBJC_LITERAL_CONVERSION = YES;
				CLANG_WARN_OBJC_ROOT_CLASS = YES_ERROR;
				CLANG_WARN_QUOTED_INCLUDE_IN_FRAMEWORK_HEADER = YES;
				CLANG_WARN_RANGE_LOOP_ANALYSIS = YES;
				CLANG_WARN_STRICT_PROTOTYPES = YES;
				CLANG_WARN_SUSPICIOUS_MOVE = YES;
				CLANG_WARN_UNGUARDED_AVAILABILITY = YES_AGGRESSIVE;
				CLANG_WARN_UNREACHABLE_CODE = YES;
				CLANG_WARN__DUPLICATE_METHOD_MATCH = YES;
				COPY_PHASE_STRIP = NO;
				DEBUG_INFORMATION_FORMAT = "dwarf-with-dsym";
				DEVELOPMENT_TEAM = CYK92TAB8C;
				ENABLE_NS_ASSERTIONS = NO;
				ENABLE_STRICT_OBJC_MSGSEND = YES;
				ENABLE_USER_SCRIPT_SANDBOXING = YES;
				GCC_C_LANGUAGE_STANDARD = gnu17;
				GCC_NO_COMMON_BLOCKS = YES;
				GCC_WARN_64_TO_32_BIT_CONVERSION = YES;
				GCC_WARN_ABOUT_RETURN_TYPE = YES_ERROR;
				GCC_WARN_UNDECLARED_SELECTOR = YES;
				GCC_WARN_UNINITIALIZED_AUTOS = YES_AGGRESSIVE;
				GCC_WARN_UNUSED_FUNCTION = YES;
				GCC_WARN_UNUSED_VARIABLE = YES;
				IPHONEOS_DEPLOYMENT_TARGET = 26.4;
				LOCALIZATION_PREFERS_STRING_CATALOGS = YES;
				MTL_ENABLE_DEBUG_INFO = NO;
				MTL_FAST_MATH = YES;
				SDKROOT = iphoneos;
				SWIFT_COMPILATION_MODE = wholemodule;
				VALIDATE_PRODUCT = YES;
			};
			name = Release;
		};
		4277163C2F9EAF83009E5C43 /* Debug */ = {
			isa = XCBuildConfiguration;
			buildSettings = {
				ASSETCATALOG_COMPILER_APPICON_NAME = AppIcon;
				ASSETCATALOG_COMPILER_GLOBAL_ACCENT_COLOR_NAME = AccentColor;
				CODE_SIGN_STYLE = Automatic;
				CURRENT_PROJECT_VERSION = 1;
				DEVELOPMENT_TEAM = CYK92TAB8C;
				ENABLE_PREVIEWS = YES;
				FRAMEWORK_SEARCH_PATHS = (
					"$(inherited)",
					"$(SRCROOT)/../Vendor/MediaPipe",
				);
				GENERATE_INFOPLIST_FILE = YES;
				INFOPLIST_KEY_UIApplicationSceneManifest_Generation = YES;
				INFOPLIST_KEY_UIApplicationSupportsIndirectInputEvents = YES;
				INFOPLIST_KEY_UILaunchScreen_Generation = YES;
				INFOPLIST_KEY_UISupportedInterfaceOrientations_iPad = "UIInterfaceOrientationPortrait UIInterfaceOrientationPortraitUpsideDown UIInterfaceOrientationLandscapeLeft UIInterfaceOrientationLandscapeRight";
				INFOPLIST_KEY_UISupportedInterfaceOrientations_iPhone = "UIInterfaceOrientationPortrait UIInterfaceOrientationLandscapeLeft UIInterfaceOrientationLandscapeRight";
				IPHONEOS_DEPLOYMENT_TARGET = 17.4;
				LD_RUNPATH_SEARCH_PATHS = (
					"$(inherited)",
					"@executable_path/Frameworks",
				);
				MARKETING_VERSION = 1.0;
				OTHER_LDFLAGS = (
					"$(inherited)",
					"-ObjC",
					"-lc++",
				);
				"OTHER_LDFLAGS[sdk=iphoneos*]" = (
					"$(inherited)",
					"-force_load \"$(SRCROOT)/../Vendor/MediaPipe/graph_libraries/libMediaPipeTasksCommon_device_graph.a\"",
				);
				"OTHER_LDFLAGS[sdk=iphonesimulator*]" = (
					"$(inherited)",
					"-force_load \"$(SRCROOT)/../Vendor/MediaPipe/graph_libraries/libMediaPipeTasksCommon_simulator_graph.a\"",
				);
				PRODUCT_BUNDLE_IDENTIFIER = com.sameerc.followthrough;
				PRODUCT_NAME = "$(TARGET_NAME)";
				STRING_CATALOG_GENERATE_SYMBOLS = YES;
				SWIFT_APPROACHABLE_CONCURRENCY = YES;
				SWIFT_DEFAULT_ACTOR_ISOLATION = MainActor;
				SWIFT_EMIT_LOC_STRINGS = YES;
				SWIFT_ENABLE_EXPLICIT_MODULES = NO;
				SWIFT_UPCOMING_FEATURE_MEMBER_IMPORT_VISIBILITY = YES;
				SWIFT_VERSION = 5.0;
				TARGETED_DEVICE_FAMILY = "1,2";
			};
			name = Debug;
		};
		4277163D2F9EAF83009E5C43 /* Release */ = {
			isa = XCBuildConfiguration;
			buildSettings = {
				ASSETCATALOG_COMPILER_APPICON_NAME = AppIcon;
				ASSETCATALOG_COMPILER_GLOBAL_ACCENT_COLOR_NAME = AccentColor;
				CODE_SIGN_STYLE = Automatic;
				CURRENT_PROJECT_VERSION = 1;
				DEVELOPMENT_TEAM = CYK92TAB8C;
				ENABLE_PREVIEWS = YES;
				FRAMEWORK_SEARCH_PATHS = (
					"$(inherited)",
					"$(SRCROOT)/../Vendor/MediaPipe",
				);
				GENERATE_INFOPLIST_FILE = YES;
				INFOPLIST_KEY_UIApplicationSceneManifest_Generation = YES;
				INFOPLIST_KEY_UIApplicationSupportsIndirectInputEvents = YES;
				INFOPLIST_KEY_UILaunchScreen_Generation = YES;
				INFOPLIST_KEY_UISupportedInterfaceOrientations_iPad = "UIInterfaceOrientationPortrait UIInterfaceOrientationPortraitUpsideDown UIInterfaceOrientationLandscapeLeft UIInterfaceOrientationLandscapeRight";
				INFOPLIST_KEY_UISupportedInterfaceOrientations_iPhone = "UIInterfaceOrientationPortrait UIInterfaceOrientationLandscapeLeft UIInterfaceOrientationLandscapeRight";
				IPHONEOS_DEPLOYMENT_TARGET = 17.4;
				LD_RUNPATH_SEARCH_PATHS = (
					"$(inherited)",
					"@executable_path/Frameworks",
				);
				MARKETING_VERSION = 1.0;
				OTHER_LDFLAGS = (
					"$(inherited)",
					"-ObjC",
					"-lc++",
				);
				"OTHER_LDFLAGS[sdk=iphoneos*]" = (
					"$(inherited)",
					"-force_load \"$(SRCROOT)/../Vendor/MediaPipe/graph_libraries/libMediaPipeTasksCommon_device_graph.a\"",
				);
				"OTHER_LDFLAGS[sdk=iphonesimulator*]" = (
					"$(inherited)",
					"-force_load \"$(SRCROOT)/../Vendor/MediaPipe/graph_libraries/libMediaPipeTasksCommon_simulator_graph.a\"",
				);
				PRODUCT_BUNDLE_IDENTIFIER = com.sameerc.followthrough;
				PRODUCT_NAME = "$(TARGET_NAME)";
				STRING_CATALOG_GENERATE_SYMBOLS = YES;
				SWIFT_APPROACHABLE_CONCURRENCY = YES;
				SWIFT_DEFAULT_ACTOR_ISOLATION = MainActor;
				SWIFT_EMIT_LOC_STRINGS = YES;
				SWIFT_ENABLE_EXPLICIT_MODULES = NO;
				SWIFT_UPCOMING_FEATURE_MEMBER_IMPORT_VISIBILITY = YES;
				SWIFT_VERSION = 5.0;
				TARGETED_DEVICE_FAMILY = "1,2";
			};
			name = Release;
		};
		4277163F2F9EAF83009E5C43 /* Debug */ = {
			isa = XCBuildConfiguration;
			buildSettings = {
				BUNDLE_LOADER = "$(TEST_HOST)";
				CODE_SIGN_STYLE = Automatic;
				CURRENT_PROJECT_VERSION = 1;
				DEVELOPMENT_TEAM = CYK92TAB8C;
				GENERATE_INFOPLIST_FILE = YES;
				IPHONEOS_DEPLOYMENT_TARGET = 26.4;
				MARKETING_VERSION = 1.0;
				PRODUCT_BUNDLE_IDENTIFIER = com.muse.FollowThroughTests;
				PRODUCT_NAME = "$(TARGET_NAME)";
				STRING_CATALOG_GENERATE_SYMBOLS = NO;
				SWIFT_APPROACHABLE_CONCURRENCY = YES;
				SWIFT_EMIT_LOC_STRINGS = NO;
				SWIFT_ENABLE_EXPLICIT_MODULES = NO;
				SWIFT_UPCOMING_FEATURE_MEMBER_IMPORT_VISIBILITY = YES;
				SWIFT_VERSION = 5.0;
				TARGETED_DEVICE_FAMILY = "1,2";
				TEST_HOST = "$(BUILT_PRODUCTS_DIR)/FollowThrough.app/$(BUNDLE_EXECUTABLE_FOLDER_PATH)/FollowThrough";
			};
			name = Debug;
		};
		427716402F9EAF83009E5C43 /* Release */ = {
			isa = XCBuildConfiguration;
			buildSettings = {
				BUNDLE_LOADER = "$(TEST_HOST)";
				CODE_SIGN_STYLE = Automatic;
				CURRENT_PROJECT_VERSION = 1;
				DEVELOPMENT_TEAM = CYK92TAB8C;
				GENERATE_INFOPLIST_FILE = YES;
				IPHONEOS_DEPLOYMENT_TARGET = 26.4;
				MARKETING_VERSION = 1.0;
				PRODUCT_BUNDLE_IDENTIFIER = com.muse.FollowThroughTests;
				PRODUCT_NAME = "$(TARGET_NAME)";
				STRING_CATALOG_GENERATE_SYMBOLS = NO;
				SWIFT_APPROACHABLE_CONCURRENCY = YES;
				SWIFT_EMIT_LOC_STRINGS = NO;
				SWIFT_ENABLE_EXPLICIT_MODULES = NO;
				SWIFT_UPCOMING_FEATURE_MEMBER_IMPORT_VISIBILITY = YES;
				SWIFT_VERSION = 5.0;
				TARGETED_DEVICE_FAMILY = "1,2";
				TEST_HOST = "$(BUILT_PRODUCTS_DIR)/FollowThrough.app/$(BUNDLE_EXECUTABLE_FOLDER_PATH)/FollowThrough";
			};
			name = Release;
		};
		427716422F9EAF83009E5C43 /* Debug */ = {
			isa = XCBuildConfiguration;
			buildSettings = {
				CODE_SIGN_STYLE = Automatic;
				CURRENT_PROJECT_VERSION = 1;
				DEVELOPMENT_TEAM = CYK92TAB8C;
				GENERATE_INFOPLIST_FILE = YES;
				MARKETING_VERSION = 1.0;
				PRODUCT_BUNDLE_IDENTIFIER = com.muse.FollowThroughUITests;
				PRODUCT_NAME = "$(TARGET_NAME)";
				STRING_CATALOG_GENERATE_SYMBOLS = NO;
				SWIFT_APPROACHABLE_CONCURRENCY = YES;
				SWIFT_EMIT_LOC_STRINGS = NO;
				SWIFT_ENABLE_EXPLICIT_MODULES = NO;
				SWIFT_UPCOMING_FEATURE_MEMBER_IMPORT_VISIBILITY = YES;
				SWIFT_VERSION = 5.0;
				TARGETED_DEVICE_FAMILY = "1,2";
				TEST_TARGET_NAME = FollowThrough;
			};
			name = Debug;
		};
		427716432F9EAF83009E5C43 /* Release */ = {
			isa = XCBuildConfiguration;
			buildSettings = {
				CODE_SIGN_STYLE = Automatic;
				CURRENT_PROJECT_VERSION = 1;
				DEVELOPMENT_TEAM = CYK92TAB8C;
				GENERATE_INFOPLIST_FILE = YES;
				MARKETING_VERSION = 1.0;
				PRODUCT_BUNDLE_IDENTIFIER = com.muse.FollowThroughUITests;
				PRODUCT_NAME = "$(TARGET_NAME)";
				STRING_CATALOG_GENERATE_SYMBOLS = NO;
				SWIFT_APPROACHABLE_CONCURRENCY = YES;
				SWIFT_EMIT_LOC_STRINGS = NO;
				SWIFT_ENABLE_EXPLICIT_MODULES = NO;
				SWIFT_UPCOMING_FEATURE_MEMBER_IMPORT_VISIBILITY = YES;
				SWIFT_VERSION = 5.0;
				TARGETED_DEVICE_FAMILY = "1,2";
				TEST_TARGET_NAME = FollowThrough;
			};
			name = Release;
		};
/* End XCBuildConfiguration section */

/* Begin XCConfigurationList section */
		427716132F9EAF81009E5C43 /* Build configuration list for PBXProject "FollowThrough" */ = {
			isa = XCConfigurationList;
			buildConfigurations = (
				427716392F9EAF83009E5C43 /* Debug */,
				4277163A2F9EAF83009E5C43 /* Release */,
			);
			defaultConfigurationIsVisible = 0;
			defaultConfigurationName = Release;
		};
		4277163B2F9EAF83009E5C43 /* Build configuration list for PBXNativeTarget "FollowThrough" */ = {
			isa = XCConfigurationList;
			buildConfigurations = (
				4277163C2F9EAF83009E5C43 /* Debug */,
				4277163D2F9EAF83009E5C43 /* Release */,
			);
			defaultConfigurationIsVisible = 0;
			defaultConfigurationName = Release;
		};
		4277163E2F9EAF83009E5C43 /* Build configuration list for PBXNativeTarget "FollowThroughTests" */ = {
			isa = XCConfigurationList;
			buildConfigurations = (
				4277163F2F9EAF83009E5C43 /* Debug */,
				427716402F9EAF83009E5C43 /* Release */,
			);
			defaultConfigurationIsVisible = 0;
			defaultConfigurationName = Release;
		};
		427716412F9EAF83009E5C43 /* Build configuration list for PBXNativeTarget "FollowThroughUITests" */ = {
			isa = XCConfigurationList;
			buildConfigurations = (
				427716422F9EAF83009E5C43 /* Debug */,
				427716432F9EAF83009E5C43 /* Release */,
			);
			defaultConfigurationIsVisible = 0;
			defaultConfigurationName = Release;
		};
/* End XCConfigurationList section */

/* Begin XCLocalSwiftPackageReference section */
		35F1FE45182E66CB045F1EAE /* XCLocalSwiftPackageReference "MediaPipeKit" */ = {
			isa = XCLocalSwiftPackageReference;
			relativePath = ../Packages/MediaPipeKit;
		};
		CD4516FC4ABD61F7C4C4F8D0 /* XCLocalSwiftPackageReference "PoseKit" */ = {
			isa = XCLocalSwiftPackageReference;
			relativePath = ../Packages/PoseKit;
		};
/* End XCLocalSwiftPackageReference section */

/* Begin XCSwiftPackageProductDependency section */
		712CC51C8A2EA8AB448621FA /* PoseKit */ = {
			isa = XCSwiftPackageProductDependency;
			package = CD4516FC4ABD61F7C4C4F8D0 /* XCLocalSwiftPackageReference "PoseKit" */;
			productName = PoseKit;
		};
		E524A64017F67A4ED7655ADF /* MediaPipeKit */ = {
			isa = XCSwiftPackageProductDependency;
			package = 35F1FE45182E66CB045F1EAE /* XCLocalSwiftPackageReference "MediaPipeKit" */;
			productName = MediaPipeKit;
		};
/* End XCSwiftPackageProductDependency section */
	};
	rootObject = 427716102F9EAF81009E5C43 /* Project object */;
}
